// !$*UTF8*$!
{
	archiveVersion = 1;
	classes = {
	};
	objectVersion = 46;
	objects = {

/* Begin PBXBuildFile section */
		63A37CB61B2870E700F09BBE /* AppDelegate.swift in Sources */ = {isa = PBXBuildFile; fileRef = 63A37CB51B2870E700F09BBE /* AppDelegate.swift */; };
		63A37CB81B2870E700F09BBE /* ViewController.swift in Sources */ = {isa = PBXBuildFile; fileRef = 63A37CB71B2870E700F09BBE /* ViewController.swift */; };
		63A37CBB1B2870E700F09BBE /* Main.storyboard in Resources */ = {isa = PBXBuildFile; fileRef = 63A37CB91B2870E700F09BBE /* Main.storyboard */; };
		63A37CBD1B2870E700F09BBE /* Images.xcassets in Resources */ = {isa = PBXBuildFile; fileRef = 63A37CBC1B2870E700F09BBE /* Images.xcassets */; };
		63A37CC01B2870E700F09BBE /* LaunchScreen.xib in Resources */ = {isa = PBXBuildFile; fileRef = 63A37CBE1B2870E700F09BBE /* LaunchScreen.xib */; };
		63A37CCC1B2870E800F09BBE /* repotestTests.swift in Sources */ = {isa = PBXBuildFile; fileRef = 63A37CCB1B2870E800F09BBE /* repotestTests.swift */; };
/* End PBXBuildFile section */

/* Begin PBXContainerItemProxy section */
		63A37CC61B2870E800F09BBE /* PBXContainerItemProxy */ = {
			isa = PBXContainerItemProxy;
			containerPortal = 63A37CA81B2870E700F09BBE /* Project object */;
			proxyType = 1;
			remoteGlobalIDString = 63A37CAF1B2870E700F09BBE;
			remoteInfo = repotest;
		};
/* End PBXContainerItemProxy section */

/* Begin PBXFileReference section */
		63A37CB01B2870E700F09BBE /* repotest.app */ = {isa = PBXFileReference; explicitFileType = wrapper.application; includeInIndex = 0; path = repotest.app; sourceTree = BUILT_PRODUCTS_DIR; };
		63A37CB41B2870E700F09BBE /* Info.plist */ = {isa = PBXFileReference; lastKnownFileType = text.plist.xml; path = Info.plist; sourceTree = "<group>"; };
		63A37CB51B2870E700F09BBE /* AppDelegate.swift */ = {isa = PBXFileReference; lastKnownFileType = sourcecode.swift; path = AppDelegate.swift; sourceTree = "<group>"; };
		63A37CB71B2870E700F09BBE /* ViewController.swift */ = {isa = PBXFileReference; lastKnownFileType = sourcecode.swift; path = ViewController.swift; sourceTree = "<group>"; };
		63A37CBA1B2870E700F09BBE /* Base */ = {isa = PBXFileReference; lastKnownFileType = file.storyboard; name = Base; path = Base.lproj/Main.storyboard; sourceTree = "<group>"; };
		63A37CBC1B2870E700F09BBE /* Images.xcassets */ = {isa = PBXFileReference; lastKnownFileType = folder.assetcatalog; path = Images.xcassets; sourceTree = "<group>"; };
		63A37CBF1B2870E700F09BBE /* Base */ = {isa = PBXFileReference; lastKnownFileType = file.xib; name = Base; path = Base.lproj/LaunchScreen.xib; sourceTree = "<group>"; };
		63A37CC51B2870E800F09BBE /* repotestTests.xctest */ = {isa = PBXFileReference; explicitFileType = wrapper.cfbundle; includeInIndex = 0; path = repotestTests.xctest; sourceTree = BUILT_PRODUCTS_DIR; };
		63A37CCA1B2870E800F09BBE /* Info.plist */ = {isa = PBXFileReference; lastKnownFileType = text.plist.xml; path = Info.plist; sourceTree = "<group>"; };
		63A37CCB1B2870E800F09BBE /* repotestTests.swift */ = {isa = PBXFileReference; lastKnownFileType = sourcecode.swift; path = repotestTests.swift; sourceTree = "<group>"; };
/* End PBXFileReference section */

/* Begin PBXFrameworksBuildPhase section */
		63A37CAD1B2870E700F09BBE /* Frameworks */ = {
			isa = PBXFrameworksBuildPhase;
			buildActionMask = 2147483647;
			files = (
			);
			runOnlyForDeploymentPostprocessing = 0;
		};
		63A37CC21B2870E800F09BBE /* Frameworks */ = {
			isa = PBXFrameworksBuildPhase;
			buildActionMask = 2147483647;
			files = (
			);
			runOnlyForDeploymentPostprocessing = 0;
		};
/* End PBXFrameworksBuildPhase section */

/* Begin PBXGroup section */
		63A37CA71B2870E700F09BBE = {
			isa = PBXGroup;
			children = (
				63A37CB21B2870E700F09BBE /* repotest */,
				63A37CC81B2870E800F09BBE /* repotestTests */,
				63A37CB11B2870E700F09BBE /* Products */,
			);
			sourceTree = "<group>";
		};
		63A37CB11B2870E700F09BBE /* Products */ = {
			isa = PBXGroup;
			children = (
				63A37CB01B2870E700F09BBE /* repotest.app */,
				63A37CC51B2870E800F09BBE /* repotestTests.xctest */,
			);
			name = Products;
			sourceTree = "<group>";
		};
		63A37CB21B2870E700F09BBE /* repotest */ = {
			isa = PBXGroup;
			children = (
				63A37CB51B2870E700F09BBE /* AppDelegate.swift */,
				63A37CB71B2870E700F09BBE /* ViewController.swift */,
				63A37CB91B2870E700F09BBE /* Main.storyboard */,
				63A37CBC1B2870E700F09BBE /* Images.xcassets */,
				63A37CBE1B2870E700F09BBE /* LaunchScreen.xib */,
				63A37CB31B2870E700F09BBE /* Supporting Files */,
			);
			path = repotest;
			sourceTree = "<group>";
		};
		63A37CB31B2870E700F09BBE /* Supporting Files */ = {
			isa = PBXGroup;
			children = (
				63A37CB41B2870E700F09BBE /* Info.plist */,
			);
			name = "Supporting Files";
			sourceTree = "<group>";
		};
		63A37CC81B2870E800F09BBE /* repotestTests */ = {
			isa = PBXGroup;
			children = (
				63A37CCB1B2870E800F09BBE /* repotestTests.swift */,
				63A37CC91B2870E800F09BBE /* Supporting Files */,
			);
			path = repotestTests;
			sourceTree = "<group>";
		};
		63A37CC91B2870E800F09BBE /* Supporting Files */ = {
			isa = PBXGroup;
			children = (
				63A37CCA1B2870E800F09BBE /* Info.plist */,
			);
			name = "Supporting Files";
			sourceTree = "<group>";
		};
/* End PBXGroup section */

/* Begin PBXNativeTarget section */
		63A37CAF1B2870E700F09BBE /* repotest */ = {
			isa = PBXNativeTarget;
			buildConfigurationList = 63A37CCF1B2870E800F09BBE /* Build configuration list for PBXNativeTarget "repotest" */;
			buildPhases = (
				63A37CAC1B2870E700F09BBE /* Sources */,
				63A37CAD1B2870E700F09BBE /* Frameworks */,
				63A37CAE1B2870E700F09BBE /* Resources */,
			);
			buildRules = (
			);
			dependencies = (
			);
			name = repotest;
			productName = repotest;
			productReference = 63A37CB01B2870E700F09BBE /* repotest.app */;
			productType = "com.apple.product-type.application";
		};
		63A37CC41B2870E800F09BBE /* repotestTests */ = {
			isa = PBXNativeTarget;
			buildConfigurationList = 63A37CD21B2870E800F09BBE /* Build configuration list for PBXNativeTarget "repotestTests" */;
			buildPhases = (
				63A37CC11B2870E800F09BBE /* Sources */,
				63A37CC21B2870E800F09BBE /* Frameworks */,
				63A37CC31B2870E800F09BBE /* Resources */,
			);
			buildRules = (
			);
			dependencies = (
				63A37CC71B2870E800F09BBE /* PBXTargetDependency */,
			);
			name = repotestTests;
			productName = repotestTests;
			productReference = 63A37CC51B2870E800F09BBE /* repotestTests.xctest */;
			productType = "com.apple.product-type.bundle.unit-test";
		};
/* End PBXNativeTarget section */

/* Begin PBXProject section */
		63A37CA81B2870E700F09BBE /* Project object */ = {
			isa = PBXProject;
			attributes = {
				LastUpgradeCheck = 0630;
				ORGANIZATIONNAME = "Ahmet Hasırcıoğlu";
				TargetAttributes = {
					63A37CAF1B2870E700F09BBE = {
						CreatedOnToolsVersion = 6.3.2;
					};
					63A37CC41B2870E800F09BBE = {
						CreatedOnToolsVersion = 6.3.2;
						TestTargetID = 63A37CAF1B2870E700F09BBE;
					};
				};
			};
			buildConfigurationList = 63A37CAB1B2870E700F09BBE /* Build configuration list for PBXProject "repotest" */;
			compatibilityVersion = "Xcode 3.2";
			developmentRegion = English;
			hasScannedForEncodings = 0;
			knownRegions = (
				en,
				Base,
			);
			mainGroup = 63A37CA71B2870E700F09BBE;
			productRefGroup = 63A37CB11B2870E700F09BBE /* Products */;
			projectDirPath = "";
			projectRoot = "";
			targets = (
				63A37CAF1B2870E700F09BBE /* repotest */,
				63A37CC41B2870E800F09BBE /* repotestTests */,
			);
		};
/* End PBXProject section */

/* Begin PBXResourcesBuildPhase section */
		63A37CAE1B2870E700F09BBE /* Resources */ = {
			isa = PBXResourcesBuildPhase;
			buildActionMask = 2147483647;
			files = (
				63A37CBB1B2870E700F09BBE /* Main.storyboard in Resources */,
				63A37CC01B2870E700F09BBE /* LaunchScreen.xib in Resources */,
				63A37CBD1B2870E700F09BBE /* Images.xcassets in Resources */,
			);
			runOnlyForDeploymentPostprocessing = 0;
		};
		63A37CC31B2870E800F09BBE /* Resources */ = {
			isa = PBXResourcesBuildPhase;
			buildActionMask = 2147483647;
			files = (
			);
			runOnlyForDeploymentPostprocessing = 0;
		};
/* End PBXResourcesBuildPhase section */

/* Begin PBXSourcesBuildPhase section */
		63A37CAC1B2870E700F09BBE /* Sources */ = {
			isa = PBXSourcesBuildPhase;
			buildActionMask = 2147483647;
			files = (
				63A37CB81B2870E700F09BBE /* ViewController.swift in Sources */,
				63A37CB61B2870E700F09BBE /* AppDelegate.swift in Sources */,
			);
			runOnlyForDeploymentPostprocessing = 0;
		};
		63A37CC11B2870E800F09BBE /* Sources */ = {
			isa = PBXSourcesBuildPhase;
			buildActionMask = 2147483647;
			files = (
				63A37CCC1B2870E800F09BBE /* repotestTests.swift in Sources */,
			);
			runOnlyForDeploymentPostprocessing = 0;
		};
/* End PBXSourcesBuildPhase section */

/* Begin PBXTargetDependency section */
		63A37CC71B2870E800F09BBE /* PBXTargetDependency */ = {
			isa = PBXTargetDependency;
			target = 63A37CAF1B2870E700F09BBE /* repotest */;
			targetProxy = 63A37CC61B2870E800F09BBE /* PBXContainerItemProxy */;
		};
/* End PBXTargetDependency section */

/* Begin PBXVariantGroup section */
		63A37CB91B2870E700F09BBE /* Main.storyboard */ = {
			isa = PBXVariantGroup;
			children = (
				63A37CBA1B2870E700F09BBE /* Base */,
			);
			name = Main.storyboard;
			sourceTree = "<group>";
		};
		63A37CBE1B2870E700F09BBE /* LaunchScreen.xib */ = {
			isa = PBXVariantGroup;
			children = (
				63A37CBF1B2870E700F09BBE /* Base */,
			);
			name = LaunchScreen.xib;
			sourceTree = "<group>";
		};
/* End PBXVariantGroup section */

/* Begin XCBuildConfiguration section */
		63A37CCD1B2870E800F09BBE /* Debug */ = {
			isa = XCBuildConfiguration;
			buildSettings = {
				ALWAYS_SEARCH_USER_PATHS = NO;
				CLANG_CXX_LANGUAGE_STANDARD = "gnu++0x";
				CLANG_CXX_LIBRARY = "libc++";
				CLANG_ENABLE_MODULES = YES;
				CLANG_ENABLE_OBJC_ARC = YES;
				CLANG_WARN_BOOL_CONVERSION = YES;
				CLANG_WARN_CONSTANT_CONVERSION = YES;
				CLANG_WARN_DIRECT_OBJC_ISA_USAGE = YES_ERROR;
				CLANG_WARN_EMPTY_BODY = YES;
				CLANG_WARN_ENUM_CONVERSION = YES;
				CLANG_WARN_INT_CONVERSION = YES;
				CLANG_WARN_OBJC_ROOT_CLASS = YES_ERROR;
				CLANG_WARN_UNREACHABLE_CODE = YES;
				CLANG_WARN__DUPLICATE_METHOD_MATCH = YES;
				"CODE_SIGN_IDENTITY[sdk=iphoneos*]" = "iPhone Developer";
				COPY_PHASE_STRIP = NO;
				DEBUG_INFORMATION_FORMAT = "dwarf-with-dsym";
				ENABLE_STRICT_OBJC_MSGSEND = YES;
				GCC_C_LANGUAGE_STANDARD = gnu99;
				GCC_DYNAMIC_NO_PIC = NO;
				GCC_NO_COMMON_BLOCKS = YES;
				GCC_OPTIMIZATION_LEVEL = 0;
				GCC_PREPROCESSOR_DEFINITIONS = (
					"DEBUG=1",
					"$(inherited)",
				);
				GCC_SYMBOLS_PRIVATE_EXTERN = NO;
				GCC_WARN_64_TO_32_BIT_CONVERSION = YES;
				GCC_WARN_ABOUT_RETURN_TYPE = YES_ERROR;
				GCC_WARN_UNDECLARED_SELECTOR = YES;
				GCC_WARN_UNINITIALIZED_AUTOS = YES_AGGRESSIVE;
				GCC_WARN_UNUSED_FUNCTION = YES;
				GCC_WARN_UNUSED_VARIABLE = YES;
				IPHONEOS_DEPLOYMENT_TARGET = 8.3;
				MTL_ENABLE_DEBUG_INFO = YES;
				ONLY_ACTIVE_ARCH = YES;
				SDKROOT = iphoneos;
				SWIFT_OPTIMIZATION_LEVEL = "-Onone";
			};
			name = Debug;
		};
		63A37CCE1B2870E800F09BBE /* Release */ = {
			isa = XCBuildConfiguration;
			buildSettings = {
				ALWAYS_SEARCH_USER_PATHS = NO;
				CLANG_CXX_LANGUAGE_STANDARD = "gnu++0x";
				CLANG_CXX_LIBRARY = "libc++";
				CLANG_ENABLE_MODULES = YES;
				CLANG_ENABLE_OBJC_ARC = YES;
				CLANG_WARN_BOOL_CONVERSION = YES;
				CLANG_WARN_CONSTANT_CONVERSION = YES;
				CLANG_WARN_DIRECT_OBJC_ISA_USAGE = YES_ERROR;
				CLANG_WARN_EMPTY_BODY = YES;
				CLANG_WARN_ENUM_CONVERSION = YES;
				CLANG_WARN_INT_CONVERSION = YES;
				CLANG_WARN_OBJC_ROOT_CLASS = YES_ERROR;
				CLANG_WARN_UNREACHABLE_CODE = YES;
				CLANG_WARN__DUPLICATE_METHOD_MATCH = YES;
				"CODE_SIGN_IDENTITY[sdk=iphoneos*]" = "iPhone Developer";
				COPY_PHASE_STRIP = NO;
				DEBUG_INFORMATION_FORMAT = "dwarf-with-dsym";
				ENABLE_NS_ASSERTIONS = NO;
				ENABLE_STRICT_OBJC_MSGSEND = YES;
				GCC_C_LANGUAGE_STANDARD = gnu99;
				GCC_NO_COMMON_BLOCKS = YES;
				GCC_WARN_64_TO_32_BIT_CONVERSION = YES;
				GCC_WARN_ABOUT_RETURN_TYPE = YES_ERROR;
				GCC_WARN_UNDECLARED_SELECTOR = YES;
				GCC_WARN_UNINITIALIZED_AUTOS = YES_AGGRESSIVE;
				GCC_WARN_UNUSED_FUNCTION = YES;
				GCC_WARN_UNUSED_VARIABLE = YES;
				IPHONEOS_DEPLOYMENT_TARGET = 8.3;
				MTL_ENABLE_DEBUG_INFO = NO;
				SDKROOT = iphoneos;
				VALIDATE_PRODUCT = YES;
			};
			name = Release;
		};
		63A37CD01B2870E800F09BBE /* Debug */ = {
			isa = XCBuildConfiguration;
			buildSettings = {
				ASSETCATALOG_COMPILER_APPICON_NAME = AppIcon;
				INFOPLIST_FILE = repotest/Info.plist;
				LD_RUNPATH_SEARCH_PATHS = "$(inherited) @executable_path/Frameworks";
				PRODUCT_NAME = "$(TARGET_NAME)";
			};
			name = Debug;
		};
		63A37CD11B2870E800F09BBE /* Release */ = {
			isa = XCBuildConfiguration;
			buildSettings = {
				ASSETCATALOG_COMPILER_APPICON_NAME = AppIcon;
				INFOPLIST_FILE = repotest/Info.plist;
				LD_RUNPATH_SEARCH_PATHS = "$(inherited) @executable_path/Frameworks";
				PRODUCT_NAME = "$(TARGET_NAME)";
			};
			name = Release;
		};
		63A37CD31B2870E800F09BBE /* Debug */ = {
			isa = XCBuildConfiguration;
			buildSettings = {
				BUNDLE_LOADER = "$(TEST_HOST)";
				FRAMEWORK_SEARCH_PATHS = (
					"$(SDKROOT)/Developer/Library/Frameworks",
					"$(inherited)",
				);
				GCC_PREPROCESSOR_DEFINITIONS = (
					"DEBUG=1",
					"$(inherited)",
				);
				INFOPLIST_FILE = repotestTests/Info.plist;
				LD_RUNPATH_SEARCH_PATHS = "$(inherited) @executable_path/Frameworks @loader_path/Frameworks";
				PRODUCT_NAME = "$(TARGET_NAME)";
				TEST_HOST = "$(BUILT_PRODUCTS_DIR)/repotest.app/repotest";
			};
			name = Debug;
		};
		63A37CD41B2870E800F09BBE /* Release */ = {
			isa = XCBuildConfiguration;
			buildSettings = {
				BUNDLE_LOADER = "$(TEST_HOST)";
				FRAMEWORK_SEARCH_PATHS = (
					"$(SDKROOT)/Developer/Library/Frameworks",
					"$(inherited)",
				);
				INFOPLIST_FILE = repotestTests/Info.plist;
				LD_RUNPATH_SEARCH_PATHS = "$(inherited) @executable_path/Frameworks @loader_path/Frameworks";
				PRODUCT_NAME = "$(TARGET_NAME)";
				TEST_HOST = "$(BUILT_PRODUCTS_DIR)/repotest.app/repotest";
			};
			name = Release;
		};
/* End XCBuildConfiguration section */

/* Begin XCConfigurationList section */
		63A37CAB1B2870E700F09BBE /* Build configuration list for PBXProject "repotest" */ = {
			isa = XCConfigurationList;
			buildConfigurations = (
				63A37CCD1B2870E800F09BBE /* Debug */,
				63A37CCE1B2870E800F09BBE /* Release */,
			);
			defaultConfigurationIsVisible = 0;
			defaultConfigurationName = Release;
		};
		63A37CCF1B2870E800F09BBE /* Build configuration list for PBXNativeTarget "repotest" */ = {
			isa = XCConfigurationList;
			buildConfigurations = (
				63A37CD01B2870E800F09BBE /* Debug */,
				63A37CD11B2870E800F09BBE /* Release */,
			);
			defaultConfigurationIsVisible = 0;
		};
		63A37CD21B2870E800F09BBE /* Build configuration list for PBXNativeTarget "repotestTests" */ = {
			isa = XCConfigurationList;
			buildConfigurations = (
				63A37CD31B2870E800F09BBE /* Debug */,
				63A37CD41B2870E800F09BBE /* Release */,
			);
			defaultConfigurationIsVisible = 0;
		};
/* End XCConfigurationList section */
	};
	rootObject = 63A37CA81B2870E700F09BBE /* Project object */;
}
